
Microsoft Visual Studio Solution File, Format Version 12.00
# Visual Studio Version 16
VisualStudioVersion = 16.0.30128.74
MinimumVisualStudioVersion = 10.0.40219.1
Project("{FAE04EC0-301F-11D3-BF4B-00C04F79EFBC}") = "HLAEUpdateCheck", "HLAEUpdateCheck.csproj", "{ADFCAC54-054D-45D3-9C3B-B69488CB1F71}"
EndProject
Global
	GlobalSection(SolutionConfigurationPlatforms) = preSolution
		Debug|Any CPU = Debug|Any CPU
		Release|Any CPU = Release|Any CPU
	EndGlobalSection
	GlobalSection(ProjectConfigurationPlatforms) = postSolution
		{ADFCAC54-054D-45D3-9C3B-B69488CB1F71}.Debug|Any CPU.ActiveCfg = Debug|Any CPU
		{ADFCAC54-054D-45D3-9C3B-B69488CB1F71}.Debug|Any CPU.Build.0 = Debug|Any CPU
		{ADFCAC54-054D-45D3-9C3B-B69488CB1F71}.Release|Any CPU.ActiveCfg = Release|Any CPU
		{ADFCAC54-054D-45D3-9C3B-B69488CB1F71}.Release|Any CPU.Build.0 = Release|Any CPU
	EndGlobalSection
	GlobalSection(SolutionProperties) = preSolution
		HideSolutionNode = FALSE
	EndGlobalSection
	GlobalSection(ExtensibilityGlobals) = postSolution
		SolutionGuid = {53D97B2E-1AB2-497C-AA72-D8127A960813}
	EndGlobalSection
EndGlobal
